
Microsoft Visual Studio Solution File, Format Version 12.00
# Visual Studio Version 17
VisualStudioVersion = 17.0.31903.59
MinimumVisualStudioVersion = 10.0.40219.1
Project("{2150E333-8FDC-42A3-9474-1A3956D46DE8}") = "src", "src", "{ADCF8DBC-D176-4F0B-9976-1C17E4FCB348}"
EndProject
Project("{FAE04EC0-301F-11D3-BF4B-00C04F79EFBC}") = "ExamenApi.Domain", "src\ExamenApi.Domain\ExamenApi.Domain.csproj", "{DC1D63C7-1DD2-4C58-8C0D-821AB1637624}"
EndProject
Project("{FAE04EC0-301F-11D3-BF4B-00C04F79EFBC}") = "ExamenApi.Application", "src\ExamenApi.Application\ExamenApi.Application.csproj", "{40FD909D-9B0D-4FFF-BA8E-F6D1187050E4}"
EndProject
Project("{FAE04EC0-301F-11D3-BF4B-00C04F79EFBC}") = "ExamenApi.Infrastructure", "src\ExamenApi.Infrastructure\ExamenApi.Infrastructure.csproj", "{55346BB0-9D07-4C0E-863E-E88F5A778C60}"
EndProject
Project("{FAE04EC0-301F-11D3-BF4B-00C04F79EFBC}") = "ExamenApi.API", "src\ExamenApi.API\ExamenApi.API.csproj", "{0C1319FE-39A6-496F-816E-F58144A47653}"
EndProject
Global
	GlobalSection(SolutionConfigurationPlatforms) = preSolution
		Debug|Any CPU = Debug|Any CPU
		Release|Any CPU = Release|Any CPU
	EndGlobalSection
	GlobalSection(SolutionProperties) = preSolution
		HideSolutionNode = FALSE
	EndGlobalSection
	GlobalSection(ProjectConfigurationPlatforms) = postSolution
		{DC1D63C7-1DD2-4C58-8C0D-821AB1637624}.Debug|Any CPU.ActiveCfg = Debug|Any CPU
		{DC1D63C7-1DD2-4C58-8C0D-821AB1637624}.Debug|Any CPU.Build.0 = Debug|Any CPU
		{DC1D63C7-1DD2-4C58-8C0D-821AB1637624}.Release|Any CPU.ActiveCfg = Release|Any CPU
		{DC1D63C7-1DD2-4C58-8C0D-821AB1637624}.Release|Any CPU.Build.0 = Release|Any CPU
		{40FD909D-9B0D-4FFF-BA8E-F6D1187050E4}.Debug|Any CPU.ActiveCfg = Debug|Any CPU
		{40FD909D-9B0D-4FFF-BA8E-F6D1187050E4}.Debug|Any CPU.Build.0 = Debug|Any CPU
		{40FD909D-9B0D-4FFF-BA8E-F6D1187050E4}.Release|Any CPU.ActiveCfg = Release|Any CPU
		{40FD909D-9B0D-4FFF-BA8E-F6D1187050E4}.Release|Any CPU.Build.0 = Release|Any CPU
		{55346BB0-9D07-4C0E-863E-E88F5A778C60}.Debug|Any CPU.ActiveCfg = Debug|Any CPU
		{55346BB0-9D07-4C0E-863E-E88F5A778C60}.Debug|Any CPU.Build.0 = Debug|Any CPU
		{55346BB0-9D07-4C0E-863E-E88F5A778C60}.Release|Any CPU.ActiveCfg = Release|Any CPU
		{55346BB0-9D07-4C0E-863E-E88F5A778C60}.Release|Any CPU.Build.0 = Release|Any CPU
		{0C1319FE-39A6-496F-816E-F58144A47653}.Debug|Any CPU.ActiveCfg = Debug|Any CPU
		{0C1319FE-39A6-496F-816E-F58144A47653}.Debug|Any CPU.Build.0 = Debug|Any CPU
		{0C1319FE-39A6-496F-816E-F58144A47653}.Release|Any CPU.ActiveCfg = Release|Any CPU
		{0C1319FE-39A6-496F-816E-F58144A47653}.Release|Any CPU.Build.0 = Release|Any CPU
	EndGlobalSection
	GlobalSection(NestedProjects) = preSolution
		{DC1D63C7-1DD2-4C58-8C0D-821AB1637624} = {ADCF8DBC-D176-4F0B-9976-1C17E4FCB348}
		{40FD909D-9B0D-4FFF-BA8E-F6D1187050E4} = {ADCF8DBC-D176-4F0B-9976-1C17E4FCB348}
		{55346BB0-9D07-4C0E-863E-E88F5A778C60} = {ADCF8DBC-D176-4F0B-9976-1C17E4FCB348}
		{0C1319FE-39A6-496F-816E-F58144A47653} = {ADCF8DBC-D176-4F0B-9976-1C17E4FCB348}
	EndGlobalSection
EndGlobal
